
Microsoft Visual Studio Solution File, Format Version 12.00
# Visual Studio Version 17
VisualStudioVersion = 17.9.34616.47
MinimumVisualStudioVersion = 10.0.40219.1
Project("{FAE04EC0-301F-11D3-BF4B-00C04F79EFBC}") = "Tools", "Tools\Tools.csproj", "{28DD60F7-2ADA-4843-9031-2FE87E971408}"
EndProject
Project("{FAE04EC0-301F-11D3-BF4B-00C04F79EFBC}") = "Day01_1", "Day01_1\Day01_1.csproj", "{F06F2FFF-2375-49AD-9916-915040DD8111}"
EndProject
Project("{FAE04EC0-301F-11D3-BF4B-00C04F79EFBC}") = "Day01_2", "Day01_2\Day01_2.csproj", "{0DEF79C0-FE4F-4806-BD61-5FB6CBD0A49B}"
EndProject
Project("{FAE04EC0-301F-11D3-BF4B-00C04F79EFBC}") = "Day02_1", "Day02_1\Day02_1.csproj", "{962C4A61-A6F3-4FC6-B9F5-26E3F850F28F}"
EndProject
Project("{FAE04EC0-301F-11D3-BF4B-00C04F79EFBC}") = "Day02_2", "Day02_2\Day02_2.csproj", "{A46A191F-E65F-456A-8F4E-74CF17E6EBFB}"
EndProject
Project("{FAE04EC0-301F-11D3-BF4B-00C04F79EFBC}") = "Day03_1", "Day03_1\Day03_1.csproj", "{C025ADF4-07EA-45D9-8CD5-800DA0C90038}"
EndProject
Project("{FAE04EC0-301F-11D3-BF4B-00C04F79EFBC}") = "Day03_2", "Day03_2\Day03_2.csproj", "{B8686E8D-3ECB-4CE9-967C-7D516FE03BF3}"
EndProject
Project("{FAE04EC0-301F-11D3-BF4B-00C04F79EFBC}") = "Day04_1", "Day04_1\Day04_1.csproj", "{CCFAAA5D-C0CC-4955-856A-33A5E0DFC5EA}"
EndProject
Project("{FAE04EC0-301F-11D3-BF4B-00C04F79EFBC}") = "Day04_2", "Day04_2\Day04_2.csproj", "{61961615-947E-44F1-B795-1CF6EA423204}"
EndProject
Project("{FAE04EC0-301F-11D3-BF4B-00C04F79EFBC}") = "Day05_1", "Day05_1\Day05_1.csproj", "{436FB6AD-67E4-47E3-A8F2-CB5F92F812C3}"
EndProject
Project("{FAE04EC0-301F-11D3-BF4B-00C04F79EFBC}") = "Day05_2", "Day05_2\Day05_2.csproj", "{4CC8B0B7-2F4D-4B61-9764-2766ED44366E}"
EndProject
Project("{FAE04EC0-301F-11D3-BF4B-00C04F79EFBC}") = "Day06_1", "Day06_1\Day06_1.csproj", "{B4D4D38C-7B53-4EE5-AA9A-3040F36F6D96}"
EndProject
Project("{FAE04EC0-301F-11D3-BF4B-00C04F79EFBC}") = "Day06_2", "Day06_2\Day06_2.csproj", "{FBEA9921-A802-4ACC-ABBE-85078D30865B}"
EndProject
Project("{FAE04EC0-301F-11D3-BF4B-00C04F79EFBC}") = "Day07_1", "Day07_1\Day07_1.csproj", "{45CBFB82-9234-465A-A37A-C48B3D45EB2A}"
EndProject
Project("{FAE04EC0-301F-11D3-BF4B-00C04F79EFBC}") = "Day07_2", "Day07_2\Day07_2.csproj", "{CF928276-19D9-4082-90A9-BF4BD0B9133E}"
EndProject
Project("{FAE04EC0-301F-11D3-BF4B-00C04F79EFBC}") = "Day08_1", "Day08_1\Day08_1.csproj", "{A05BD06B-D2AF-4995-8A1D-0FBE70C29BE3}"
EndProject
Project("{FAE04EC0-301F-11D3-BF4B-00C04F79EFBC}") = "Day08_2", "Day08_2\Day08_2.csproj", "{6A9EBABB-2BB1-4032-B864-4D4565A2B8F4}"
EndProject
Project("{FAE04EC0-301F-11D3-BF4B-00C04F79EFBC}") = "Day09_1", "Day09_1\Day09_1.csproj", "{E53E9B00-ECC1-4536-ADFA-2E889DF5FFB4}"
EndProject
Project("{FAE04EC0-301F-11D3-BF4B-00C04F79EFBC}") = "Day09_2", "Day09_2\Day09_2.csproj", "{CD96C55E-F1F1-4873-9C11-A948ECDB9C1B}"
EndProject
Project("{FAE04EC0-301F-11D3-BF4B-00C04F79EFBC}") = "Day10_1", "Day10_1\Day10_1.csproj", "{E9A97FF4-CE05-4BD9-8494-773A250F0C7F}"
EndProject
Project("{FAE04EC0-301F-11D3-BF4B-00C04F79EFBC}") = "Day10_2", "Day10_2\Day10_2.csproj", "{B9F64B4A-BC77-47D2-826C-8BB3EA090152}"
EndProject
Project("{FAE04EC0-301F-11D3-BF4B-00C04F79EFBC}") = "Day11_1", "Day11_1\Day11_1.csproj", "{D14086FC-701D-4116-A4D5-710D54BFC4B8}"
EndProject
Project("{FAE04EC0-301F-11D3-BF4B-00C04F79EFBC}") = "Day11_2", "Day11_2\Day11_2.csproj", "{7092ACDD-B707-41A9-90AE-23C9583F6785}"
EndProject
Project("{FAE04EC0-301F-11D3-BF4B-00C04F79EFBC}") = "Day12_1", "Day12_1\Day12_1.csproj", "{D1B531C6-E1BF-4B7E-9AC2-908DB4AC7235}"
EndProject
Project("{FAE04EC0-301F-11D3-BF4B-00C04F79EFBC}") = "Day12_2", "Day12_2\Day12_2.csproj", "{7C7F0558-0A1D-4A6D-A026-6DC48DAC1D15}"
EndProject
Project("{FAE04EC0-301F-11D3-BF4B-00C04F79EFBC}") = "Day13_1", "Day13_1\Day13_1.csproj", "{EDD87335-132B-449E-8637-3028D0913E52}"
EndProject
Project("{FAE04EC0-301F-11D3-BF4B-00C04F79EFBC}") = "Day13_2", "Day13_2\Day13_2.csproj", "{B1CE8561-F0B2-4D9F-A970-605C5552C60B}"
EndProject
Project("{FAE04EC0-301F-11D3-BF4B-00C04F79EFBC}") = "Day14_1", "Day14_1\Day14_1.csproj", "{F3AC3A14-961B-4C87-B48F-0CA15DD1AB33}"
EndProject
Project("{FAE04EC0-301F-11D3-BF4B-00C04F79EFBC}") = "Day14_2", "Day14_2\Day14_2.csproj", "{54F223C8-CA2D-4F0B-8EB3-CF2411D3D7D4}"
EndProject
Project("{FAE04EC0-301F-11D3-BF4B-00C04F79EFBC}") = "Day15_1", "Day15_1\Day15_1.csproj", "{7D1A0D9F-7623-4BCE-A925-EE6F857A2E85}"
EndProject
Project("{FAE04EC0-301F-11D3-BF4B-00C04F79EFBC}") = "Day15_2", "Day15_2\Day15_2.csproj", "{707CC0E4-9852-4EEB-85C3-2AE41F2831A8}"
EndProject
Global
	GlobalSection(SolutionConfigurationPlatforms) = preSolution
		Debug|Any CPU = Debug|Any CPU
		Release|Any CPU = Release|Any CPU
	EndGlobalSection
	GlobalSection(ProjectConfigurationPlatforms) = postSolution
		{28DD60F7-2ADA-4843-9031-2FE87E971408}.Debug|Any CPU.ActiveCfg = Debug|Any CPU
		{28DD60F7-2ADA-4843-9031-2FE87E971408}.Debug|Any CPU.Build.0 = Debug|Any CPU
		{28DD60F7-2ADA-4843-9031-2FE87E971408}.Release|Any CPU.ActiveCfg = Release|Any CPU
		{28DD60F7-2ADA-4843-9031-2FE87E971408}.Release|Any CPU.Build.0 = Release|Any CPU
		{F06F2FFF-2375-49AD-9916-915040DD8111}.Debug|Any CPU.ActiveCfg = Debug|Any CPU
		{F06F2FFF-2375-49AD-9916-915040DD8111}.Debug|Any CPU.Build.0 = Debug|Any CPU
		{F06F2FFF-2375-49AD-9916-915040DD8111}.Release|Any CPU.ActiveCfg = Release|Any CPU
		{F06F2FFF-2375-49AD-9916-915040DD8111}.Release|Any CPU.Build.0 = Release|Any CPU
		{0DEF79C0-FE4F-4806-BD61-5FB6CBD0A49B}.Debug|Any CPU.ActiveCfg = Debug|Any CPU
		{0DEF79C0-FE4F-4806-BD61-5FB6CBD0A49B}.Debug|Any CPU.Build.0 = Debug|Any CPU
		{0DEF79C0-FE4F-4806-BD61-5FB6CBD0A49B}.Release|Any CPU.ActiveCfg = Release|Any CPU
		{0DEF79C0-FE4F-4806-BD61-5FB6CBD0A49B}.Release|Any CPU.Build.0 = Release|Any CPU
		{962C4A61-A6F3-4FC6-B9F5-26E3F850F28F}.Debug|Any CPU.ActiveCfg = Debug|Any CPU
		{962C4A61-A6F3-4FC6-B9F5-26E3F850F28F}.Debug|Any CPU.Build.0 = Debug|Any CPU
		{962C4A61-A6F3-4FC6-B9F5-26E3F850F28F}.Release|Any CPU.ActiveCfg = Release|Any CPU
		{962C4A61-A6F3-4FC6-B9F5-26E3F850F28F}.Release|Any CPU.Build.0 = Release|Any CPU
		{A46A191F-E65F-456A-8F4E-74CF17E6EBFB}.Debug|Any CPU.ActiveCfg = Debug|Any CPU
		{A46A191F-E65F-456A-8F4E-74CF17E6EBFB}.Debug|Any CPU.Build.0 = Debug|Any CPU
		{A46A191F-E65F-456A-8F4E-74CF17E6EBFB}.Release|Any CPU.ActiveCfg = Release|Any CPU
		{A46A191F-E65F-456A-8F4E-74CF17E6EBFB}.Release|Any CPU.Build.0 = Release|Any CPU
		{C025ADF4-07EA-45D9-8CD5-800DA0C90038}.Debug|Any CPU.ActiveCfg = Debug|Any CPU
		{C025ADF4-07EA-45D9-8CD5-800DA0C90038}.Debug|Any CPU.Build.0 = Debug|Any CPU
		{C025ADF4-07EA-45D9-8CD5-800DA0C90038}.Release|Any CPU.ActiveCfg = Release|Any CPU
		{C025ADF4-07EA-45D9-8CD5-800DA0C90038}.Release|Any CPU.Build.0 = Release|Any CPU
		{B8686E8D-3ECB-4CE9-967C-7D516FE03BF3}.Debug|Any CPU.ActiveCfg = Debug|Any CPU
		{B8686E8D-3ECB-4CE9-967C-7D516FE03BF3}.Debug|Any CPU.Build.0 = Debug|Any CPU
		{B8686E8D-3ECB-4CE9-967C-7D516FE03BF3}.Release|Any CPU.ActiveCfg = Release|Any CPU
		{B8686E8D-3ECB-4CE9-967C-7D516FE03BF3}.Release|Any CPU.Build.0 = Release|Any CPU
		{CCFAAA5D-C0CC-4955-856A-33A5E0DFC5EA}.Debug|Any CPU.ActiveCfg = Debug|Any CPU
		{CCFAAA5D-C0CC-4955-856A-33A5E0DFC5EA}.Debug|Any CPU.Build.0 = Debug|Any CPU
		{CCFAAA5D-C0CC-4955-856A-33A5E0DFC5EA}.Release|Any CPU.ActiveCfg = Release|Any CPU
		{CCFAAA5D-C0CC-4955-856A-33A5E0DFC5EA}.Release|Any CPU.Build.0 = Release|Any CPU
		{61961615-947E-44F1-B795-1CF6EA423204}.Debug|Any CPU.ActiveCfg = Debug|Any CPU
		{61961615-947E-44F1-B795-1CF6EA423204}.Debug|Any CPU.Build.0 = Debug|Any CPU
		{61961615-947E-44F1-B795-1CF6EA423204}.Release|Any CPU.ActiveCfg = Release|Any CPU
		{61961615-947E-44F1-B795-1CF6EA423204}.Release|Any CPU.Build.0 = Release|Any CPU
		{436FB6AD-67E4-47E3-A8F2-CB5F92F812C3}.Debug|Any CPU.ActiveCfg = Debug|Any CPU
		{436FB6AD-67E4-47E3-A8F2-CB5F92F812C3}.Debug|Any CPU.Build.0 = Debug|Any CPU
		{436FB6AD-67E4-47E3-A8F2-CB5F92F812C3}.Release|Any CPU.ActiveCfg = Release|Any CPU
		{436FB6AD-67E4-47E3-A8F2-CB5F92F812C3}.Release|Any CPU.Build.0 = Release|Any CPU
		{4CC8B0B7-2F4D-4B61-9764-2766ED44366E}.Debug|Any CPU.ActiveCfg = Debug|Any CPU
		{4CC8B0B7-2F4D-4B61-9764-2766ED44366E}.Debug|Any CPU.Build.0 = Debug|Any CPU
		{4CC8B0B7-2F4D-4B61-9764-2766ED44366E}.Release|Any CPU.ActiveCfg = Release|Any CPU
		{4CC8B0B7-2F4D-4B61-9764-2766ED44366E}.Release|Any CPU.Build.0 = Release|Any CPU
		{B4D4D38C-7B53-4EE5-AA9A-3040F36F6D96}.Debug|Any CPU.ActiveCfg = Debug|Any CPU
		{B4D4D38C-7B53-4EE5-AA9A-3040F36F6D96}.Debug|Any CPU.Build.0 = Debug|Any CPU
		{B4D4D38C-7B53-4EE5-AA9A-3040F36F6D96}.Release|Any CPU.ActiveCfg = Release|Any CPU
		{B4D4D38C-7B53-4EE5-AA9A-3040F36F6D96}.Release|Any CPU.Build.0 = Release|Any CPU
		{FBEA9921-A802-4ACC-ABBE-85078D30865B}.Debug|Any CPU.ActiveCfg = Debug|Any CPU
		{FBEA9921-A802-4ACC-ABBE-85078D30865B}.Debug|Any CPU.Build.0 = Debug|Any CPU
		{FBEA9921-A802-4ACC-ABBE-85078D30865B}.Release|Any CPU.ActiveCfg = Release|Any CPU
		{FBEA9921-A802-4ACC-ABBE-85078D30865B}.Release|Any CPU.Build.0 = Release|Any CPU
		{45CBFB82-9234-465A-A37A-C48B3D45EB2A}.Debug|Any CPU.ActiveCfg = Debug|Any CPU
		{45CBFB82-9234-465A-A37A-C48B3D45EB2A}.Debug|Any CPU.Build.0 = Debug|Any CPU
		{45CBFB82-9234-465A-A37A-C48B3D45EB2A}.Release|Any CPU.ActiveCfg = Release|Any CPU
		{45CBFB82-9234-465A-A37A-C48B3D45EB2A}.Release|Any CPU.Build.0 = Release|Any CPU
		{CF928276-19D9-4082-90A9-BF4BD0B9133E}.Debug|Any CPU.ActiveCfg = Debug|Any CPU
		{CF928276-19D9-4082-90A9-BF4BD0B9133E}.Debug|Any CPU.Build.0 = Debug|Any CPU
		{CF928276-19D9-4082-90A9-BF4BD0B9133E}.Release|Any CPU.ActiveCfg = Release|Any CPU
		{CF928276-19D9-4082-90A9-BF4BD0B9133E}.Release|Any CPU.Build.0 = Release|Any CPU
		{A05BD06B-D2AF-4995-8A1D-0FBE70C29BE3}.Debug|Any CPU.ActiveCfg = Debug|Any CPU
		{A05BD06B-D2AF-4995-8A1D-0FBE70C29BE3}.Debug|Any CPU.Build.0 = Debug|Any CPU
		{A05BD06B-D2AF-4995-8A1D-0FBE70C29BE3}.Release|Any CPU.ActiveCfg = Release|Any CPU
		{A05BD06B-D2AF-4995-8A1D-0FBE70C29BE3}.Release|Any CPU.Build.0 = Release|Any CPU
		{6A9EBABB-2BB1-4032-B864-4D4565A2B8F4}.Debug|Any CPU.ActiveCfg = Debug|Any CPU
		{6A9EBABB-2BB1-4032-B864-4D4565A2B8F4}.Debug|Any CPU.Build.0 = Debug|Any CPU
		{6A9EBABB-2BB1-4032-B864-4D4565A2B8F4}.Release|Any CPU.ActiveCfg = Release|Any CPU
		{6A9EBABB-2BB1-4032-B864-4D4565A2B8F4}.Release|Any CPU.Build.0 = Release|Any CPU
		{E53E9B00-ECC1-4536-ADFA-2E889DF5FFB4}.Debug|Any CPU.ActiveCfg = Debug|Any CPU
		{E53E9B00-ECC1-4536-ADFA-2E889DF5FFB4}.Debug|Any CPU.Build.0 = Debug|Any CPU
		{E53E9B00-ECC1-4536-ADFA-2E889DF5FFB4}.Release|Any CPU.ActiveCfg = Release|Any CPU
		{E53E9B00-ECC1-4536-ADFA-2E889DF5FFB4}.Release|Any CPU.Build.0 = Release|Any CPU
		{CD96C55E-F1F1-4873-9C11-A948ECDB9C1B}.Debug|Any CPU.ActiveCfg = Debug|Any CPU
		{CD96C55E-F1F1-4873-9C11-A948ECDB9C1B}.Debug|Any CPU.Build.0 = Debug|Any CPU
		{CD96C55E-F1F1-4873-9C11-A948ECDB9C1B}.Release|Any CPU.ActiveCfg = Release|Any CPU
		{CD96C55E-F1F1-4873-9C11-A948ECDB9C1B}.Release|Any CPU.Build.0 = Release|Any CPU
		{E9A97FF4-CE05-4BD9-8494-773A250F0C7F}.Debug|Any CPU.ActiveCfg = Debug|Any CPU
		{E9A97FF4-CE05-4BD9-8494-773A250F0C7F}.Debug|Any CPU.Build.0 = Debug|Any CPU
		{E9A97FF4-CE05-4BD9-8494-773A250F0C7F}.Release|Any CPU.ActiveCfg = Release|Any CPU
		{E9A97FF4-CE05-4BD9-8494-773A250F0C7F}.Release|Any CPU.Build.0 = Release|Any CPU
		{B9F64B4A-BC77-47D2-826C-8BB3EA090152}.Debug|Any CPU.ActiveCfg = Debug|Any CPU
		{B9F64B4A-BC77-47D2-826C-8BB3EA090152}.Debug|Any CPU.Build.0 = Debug|Any CPU
		{B9F64B4A-BC77-47D2-826C-8BB3EA090152}.Release|Any CPU.ActiveCfg = Release|Any CPU
		{B9F64B4A-BC77-47D2-826C-8BB3EA090152}.Release|Any CPU.Build.0 = Release|Any CPU
		{D14086FC-701D-4116-A4D5-710D54BFC4B8}.Debug|Any CPU.ActiveCfg = Debug|Any CPU
		{D14086FC-701D-4116-A4D5-710D54BFC4B8}.Debug|Any CPU.Build.0 = Debug|Any CPU
		{D14086FC-701D-4116-A4D5-710D54BFC4B8}.Release|Any CPU.ActiveCfg = Release|Any CPU
		{D14086FC-701D-4116-A4D5-710D54BFC4B8}.Release|Any CPU.Build.0 = Release|Any CPU
		{7092ACDD-B707-41A9-90AE-23C9583F6785}.Debug|Any CPU.ActiveCfg = Debug|Any CPU
		{7092ACDD-B707-41A9-90AE-23C9583F6785}.Debug|Any CPU.Build.0 = Debug|Any CPU
		{7092ACDD-B707-41A9-90AE-23C9583F6785}.Release|Any CPU.ActiveCfg = Release|Any CPU
		{7092ACDD-B707-41A9-90AE-23C9583F6785}.Release|Any CPU.Build.0 = Release|Any CPU
		{D1B531C6-E1BF-4B7E-9AC2-908DB4AC7235}.Debug|Any CPU.ActiveCfg = Debug|Any CPU
		{D1B531C6-E1BF-4B7E-9AC2-908DB4AC7235}.Debug|Any CPU.Build.0 = Debug|Any CPU
		{D1B531C6-E1BF-4B7E-9AC2-908DB4AC7235}.Release|Any CPU.ActiveCfg = Release|Any CPU
		{D1B531C6-E1BF-4B7E-9AC2-908DB4AC7235}.Release|Any CPU.Build.0 = Release|Any CPU
		{7C7F0558-0A1D-4A6D-A026-6DC48DAC1D15}.Debug|Any CPU.ActiveCfg = Debug|Any CPU
		{7C7F0558-0A1D-4A6D-A026-6DC48DAC1D15}.Debug|Any CPU.Build.0 = Debug|Any CPU
		{7C7F0558-0A1D-4A6D-A026-6DC48DAC1D15}.Release|Any CPU.ActiveCfg = Release|Any CPU
		{7C7F0558-0A1D-4A6D-A026-6DC48DAC1D15}.Release|Any CPU.Build.0 = Release|Any CPU
		{EDD87335-132B-449E-8637-3028D0913E52}.Debug|Any CPU.ActiveCfg = Debug|Any CPU
		{EDD87335-132B-449E-8637-3028D0913E52}.Debug|Any CPU.Build.0 = Debug|Any CPU
		{EDD87335-132B-449E-8637-3028D0913E52}.Release|Any CPU.ActiveCfg = Release|Any CPU
		{EDD87335-132B-449E-8637-3028D0913E52}.Release|Any CPU.Build.0 = Release|Any CPU
		{B1CE8561-F0B2-4D9F-A970-605C5552C60B}.Debug|Any CPU.ActiveCfg = Debug|Any CPU
		{B1CE8561-F0B2-4D9F-A970-605C5552C60B}.Debug|Any CPU.Build.0 = Debug|Any CPU
		{B1CE8561-F0B2-4D9F-A970-605C5552C60B}.Release|Any CPU.ActiveCfg = Release|Any CPU
		{B1CE8561-F0B2-4D9F-A970-605C5552C60B}.Release|Any CPU.Build.0 = Release|Any CPU
		{F3AC3A14-961B-4C87-B48F-0CA15DD1AB33}.Debug|Any CPU.ActiveCfg = Debug|Any CPU
		{F3AC3A14-961B-4C87-B48F-0CA15DD1AB33}.Debug|Any CPU.Build.0 = Debug|Any CPU
		{F3AC3A14-961B-4C87-B48F-0CA15DD1AB33}.Release|Any CPU.ActiveCfg = Release|Any CPU
		{F3AC3A14-961B-4C87-B48F-0CA15DD1AB33}.Release|Any CPU.Build.0 = Release|Any CPU
		{54F223C8-CA2D-4F0B-8EB3-CF2411D3D7D4}.Debug|Any CPU.ActiveCfg = Debug|Any CPU
		{54F223C8-CA2D-4F0B-8EB3-CF2411D3D7D4}.Debug|Any CPU.Build.0 = Debug|Any CPU
		{54F223C8-CA2D-4F0B-8EB3-CF2411D3D7D4}.Release|Any CPU.ActiveCfg = Release|Any CPU
		{54F223C8-CA2D-4F0B-8EB3-CF2411D3D7D4}.Release|Any CPU.Build.0 = Release|Any CPU
		{7D1A0D9F-7623-4BCE-A925-EE6F857A2E85}.Debug|Any CPU.ActiveCfg = Debug|Any CPU
		{7D1A0D9F-7623-4BCE-A925-EE6F857A2E85}.Debug|Any CPU.Build.0 = Debug|Any CPU
		{7D1A0D9F-7623-4BCE-A925-EE6F857A2E85}.Release|Any CPU.ActiveCfg = Release|Any CPU
		{7D1A0D9F-7623-4BCE-A925-EE6F857A2E85}.Release|Any CPU.Build.0 = Release|Any CPU
		{707CC0E4-9852-4EEB-85C3-2AE41F2831A8}.Debug|Any CPU.ActiveCfg = Debug|Any CPU
		{707CC0E4-9852-4EEB-85C3-2AE41F2831A8}.Debug|Any CPU.Build.0 = Debug|Any CPU
		{707CC0E4-9852-4EEB-85C3-2AE41F2831A8}.Release|Any CPU.ActiveCfg = Release|Any CPU
		{707CC0E4-9852-4EEB-85C3-2AE41F2831A8}.Release|Any CPU.Build.0 = Release|Any CPU
	EndGlobalSection
	GlobalSection(SolutionProperties) = preSolution
		HideSolutionNode = FALSE
	EndGlobalSection
	GlobalSection(ExtensibilityGlobals) = postSolution
		SolutionGuid = {D1A688B4-243E-4639-8A81-EF2A80272F81}
	EndGlobalSection
EndGlobal
